{
  "name": "transcendence",
  "lockfileVersion": 3,
  "requires": true,
  "packages": {
    "": {
      "dependencies": {
        "fastify-cookie": "^5.6.1"
      }
    },
    "node_modules/cookie-signature": {
      "version": "1.2.2",
      "resolved": "https://registry.npmjs.org/cookie-signature/-/cookie-signature-1.2.2.tgz",
      "integrity": "sha512-D76uU73ulSXrD1UXF4KE2TMxVVwhsnCgfAyTg9k8P6KGZjlXKrOLe4dJQKI3Bxi5wjesZoFXJWElNWBjPZMbhg==",
      "license": "MIT",
      "engines": {
        "node": ">=6.6.0"
      }
    },
    "node_modules/fastify-cookie": {
      "version": "5.6.1",
      "resolved": "https://registry.npmjs.org/fastify-cookie/-/fastify-cookie-5.6.1.tgz",
      "integrity": "sha512-qKFxDOLkrXn2TkxlO/+cK0tWYCTSrJDmuwty6Zl7kD5FtALwcjUHPFzOdR1Gxupb5oWhvbpSHBMx2XS+t9fbQQ==",
      "license": "MIT",
      "dependencies": {
        "cookie-signature": "^1.1.0",
        "fastify-plugin": "^3.0.1"
      }
    },
    "node_modules/fastify-plugin": {
      "version": "3.0.1",
      "resolved": "https://registry.npmjs.org/fastify-plugin/-/fastify-plugin-3.0.1.tgz",
      "integrity": "sha512-qKcDXmuZadJqdTm6vlCqioEbyewF60b/0LOFCcYN1B6BIZGlYJumWWOYs70SFYLDAH4YqdE1cxH/RKMG7rFxgA==",
      "license": "MIT"
    }
  }
}
